
Microsoft Visual Studio Solution File, Format Version 12.00
# Visual Studio Version 17
VisualStudioVersion = 17.7.34003.232
MinimumVisualStudioVersion = 10.0.40219.1
Project("{FAE04EC0-301F-11D3-BF4B-00C04F79EFBC}") = "CodeFirstWPF", "CodeFirstWPF\CodeFirstWPF.csproj", "{D0448545-A6F8-46C9-BC38-CE48477557C6}"
EndProject
Global
	GlobalSection(SolutionConfigurationPlatforms) = preSolution
		Debug|Any CPU = Debug|Any CPU
		Release|Any CPU = Release|Any CPU
	EndGlobalSection
	GlobalSection(ProjectConfigurationPlatforms) = postSolution
		{D0448545-A6F8-46C9-BC38-CE48477557C6}.Debug|Any CPU.ActiveCfg = Debug|Any CPU
		{D0448545-A6F8-46C9-BC38-CE48477557C6}.Debug|Any CPU.Build.0 = Debug|Any CPU
		{D0448545-A6F8-46C9-BC38-CE48477557C6}.Release|Any CPU.ActiveCfg = Release|Any CPU
		{D0448545-A6F8-46C9-BC38-CE48477557C6}.Release|Any CPU.Build.0 = Release|Any CPU
	EndGlobalSection
	GlobalSection(SolutionProperties) = preSolution
		HideSolutionNode = FALSE
	EndGlobalSection
	GlobalSection(ExtensibilityGlobals) = postSolution
		SolutionGuid = {62086350-9AA7-47A7-8E49-4E6D2D1A45C1}
	EndGlobalSection
EndGlobal
